// !$*UTF8*$!
{
	archiveVersion = 1;
	classes = {
	};
	objectVersion = 46;
	objects = {

/* Begin PBXBuildFile section */
		A419B0791905553900E60374 /* Foundation.framework in Frameworks */ = {isa = PBXBuildFile; fileRef = A419B0781905553900E60374 /* Foundation.framework */; };
		A419B07B1905553900E60374 /* CoreGraphics.framework in Frameworks */ = {isa = PBXBuildFile; fileRef = A419B07A1905553900E60374 /* CoreGraphics.framework */; };
		A419B07D1905553900E60374 /* UIKit.framework in Frameworks */ = {isa = PBXBuildFile; fileRef = A419B07C1905553900E60374 /* UIKit.framework */; };
		A419B07F1905553900E60374 /* CoreData.framework in Frameworks */ = {isa = PBXBuildFile; fileRef = A419B07E1905553900E60374 /* CoreData.framework */; };
		A419B0851905553900E60374 /* InfoPlist.strings in Resources */ = {isa = PBXBuildFile; fileRef = A419B0831905553900E60374 /* InfoPlist.strings */; };
		A419B0871905553900E60374 /* main.m in Sources */ = {isa = PBXBuildFile; fileRef = A419B0861905553900E60374 /* main.m */; };
		A419B08B1905553900E60374 /* IQAppDelegate.m in Sources */ = {isa = PBXBuildFile; fileRef = A419B08A1905553900E60374 /* IQAppDelegate.m */; };
		A419B08E1905553900E60374 /* IQ_fight.xcdatamodeld in Sources */ = {isa = PBXBuildFile; fileRef = A419B08C1905553900E60374 /* IQ_fight.xcdatamodeld */; };
		A419B0901905553900E60374 /* Images.xcassets in Resources */ = {isa = PBXBuildFile; fileRef = A419B08F1905553900E60374 /* Images.xcassets */; };
		A419B0971905553900E60374 /* XCTest.framework in Frameworks */ = {isa = PBXBuildFile; fileRef = A419B0961905553900E60374 /* XCTest.framework */; };
		A419B0981905553900E60374 /* Foundation.framework in Frameworks */ = {isa = PBXBuildFile; fileRef = A419B0781905553900E60374 /* Foundation.framework */; };
		A419B0991905553900E60374 /* UIKit.framework in Frameworks */ = {isa = PBXBuildFile; fileRef = A419B07C1905553900E60374 /* UIKit.framework */; };
		A419B09A1905553900E60374 /* CoreData.framework in Frameworks */ = {isa = PBXBuildFile; fileRef = A419B07E1905553900E60374 /* CoreData.framework */; };
		A419B0A21905553900E60374 /* InfoPlist.strings in Resources */ = {isa = PBXBuildFile; fileRef = A419B0A01905553900E60374 /* InfoPlist.strings */; };
		A419B0A41905553900E60374 /* IQ_fightTests.m in Sources */ = {isa = PBXBuildFile; fileRef = A419B0A31905553900E60374 /* IQ_fightTests.m */; };
		A419B0AF1905586E00E60374 /* Storyboard.storyboard in Resources */ = {isa = PBXBuildFile; fileRef = A419B0AE1905586E00E60374 /* Storyboard.storyboard */; };
		A419B0B31905599200E60374 /* IQLoginViewController.m in Sources */ = {isa = PBXBuildFile; fileRef = A419B0B21905599200E60374 /* IQLoginViewController.m */; };
		A419B0B6190559C400E60374 /* IQHomeViewController.m in Sources */ = {isa = PBXBuildFile; fileRef = A419B0B5190559C400E60374 /* IQHomeViewController.m */; };
		A419B0CB1905783900E60374 /* AFHTTPClient.m in Sources */ = {isa = PBXBuildFile; fileRef = A419B0B91905783900E60374 /* AFHTTPClient.m */; };
		A419B0CC1905783900E60374 /* AFHTTPRequestOperation.m in Sources */ = {isa = PBXBuildFile; fileRef = A419B0BB1905783900E60374 /* AFHTTPRequestOperation.m */; };
		A419B0CD1905783900E60374 /* AFImageRequestOperation.m in Sources */ = {isa = PBXBuildFile; fileRef = A419B0BD1905783900E60374 /* AFImageRequestOperation.m */; };
		A419B0CE1905783900E60374 /* AFJSONRequestOperation.m in Sources */ = {isa = PBXBuildFile; fileRef = A419B0BF1905783900E60374 /* AFJSONRequestOperation.m */; };
		A419B0CF1905783900E60374 /* AFNetworkActivityIndicatorManager.m in Sources */ = {isa = PBXBuildFile; fileRef = A419B0C11905783900E60374 /* AFNetworkActivityIndicatorManager.m */; };
		A419B0D01905783900E60374 /* AFPropertyListRequestOperation.m in Sources */ = {isa = PBXBuildFile; fileRef = A419B0C41905783900E60374 /* AFPropertyListRequestOperation.m */; };
		A419B0D11905783900E60374 /* AFURLConnectionOperation.m in Sources */ = {isa = PBXBuildFile; fileRef = A419B0C61905783900E60374 /* AFURLConnectionOperation.m */; };
		A419B0D21905783900E60374 /* AFXMLRequestOperation.m in Sources */ = {isa = PBXBuildFile; fileRef = A419B0C81905783900E60374 /* AFXMLRequestOperation.m */; };
		A419B0D31905783900E60374 /* UIImageView+AFNetworking.m in Sources */ = {isa = PBXBuildFile; fileRef = A419B0CA1905783900E60374 /* UIImageView+AFNetworking.m */; };
		A419B0D81905793200E60374 /* IQServerCommunication.m in Sources */ = {isa = PBXBuildFile; fileRef = A419B0D71905793200E60374 /* IQServerCommunication.m */; };
		A419B0DB19057F5100E60374 /* IQGamesViewController.m in Sources */ = {isa = PBXBuildFile; fileRef = A419B0DA19057F5100E60374 /* IQGamesViewController.m */; };
		A419B0E21905848900E60374 /* IQGameTableViewCell.m in Sources */ = {isa = PBXBuildFile; fileRef = A419B0E11905848900E60374 /* IQGameTableViewCell.m */; };
		A419B0E5190585B100E60374 /* IQGameLobyViewController.m in Sources */ = {isa = PBXBuildFile; fileRef = A419B0E4190585B100E60374 /* IQGameLobyViewController.m */; };
		A419B0E81905929B00E60374 /* IQGameViewController.m in Sources */ = {isa = PBXBuildFile; fileRef = A419B0E71905929B00E60374 /* IQGameViewController.m */; };
		A46EE27F190C20C700671907 /* IQSettings.m in Sources */ = {isa = PBXBuildFile; fileRef = A46EE27E190C20C700671907 /* IQSettings.m */; };
		A46EE282190C211700671907 /* MBProgressHUD.m in Sources */ = {isa = PBXBuildFile; fileRef = A46EE281190C211700671907 /* MBProgressHUD.m */; };
		A46EE286190C221600671907 /* IQCurrentUser.m in Sources */ = {isa = PBXBuildFile; fileRef = A46EE285190C221600671907 /* IQCurrentUser.m */; };
		A474BFD51917C9D200FDCE3C /* IQRegistrationViewController.m in Sources */ = {isa = PBXBuildFile; fileRef = A474BFD41917C9D200FDCE3C /* IQRegistrationViewController.m */; };
		A474BFD81917D00800FDCE3C /* NSString+RegularExpressions.m in Sources */ = {isa = PBXBuildFile; fileRef = A474BFD71917D00800FDCE3C /* NSString+RegularExpressions.m */; };
		A474BFDB1918283E00FDCE3C /* IQResultViewController.m in Sources */ = {isa = PBXBuildFile; fileRef = A474BFDA1918283E00FDCE3C /* IQResultViewController.m */; };
/* End PBXBuildFile section */

/* Begin PBXContainerItemProxy section */
		A419B09B1905553900E60374 /* PBXContainerItemProxy */ = {
			isa = PBXContainerItemProxy;
			containerPortal = A419B06D1905553900E60374 /* Project object */;
			proxyType = 1;
			remoteGlobalIDString = A419B0741905553900E60374;
			remoteInfo = "IQ-fight";
		};
/* End PBXContainerItemProxy section */

/* Begin PBXFileReference section */
		A419B0751905553900E60374 /* IQ-fight.app */ = {isa = PBXFileReference; explicitFileType = wrapper.application; includeInIndex = 0; path = "IQ-fight.app"; sourceTree = BUILT_PRODUCTS_DIR; };
		A419B0781905553900E60374 /* Foundation.framework */ = {isa = PBXFileReference; lastKnownFileType = wrapper.framework; name = Foundation.framework; path = System/Library/Frameworks/Foundation.framework; sourceTree = SDKROOT; };
		A419B07A1905553900E60374 /* CoreGraphics.framework */ = {isa = PBXFileReference; lastKnownFileType = wrapper.framework; name = CoreGraphics.framework; path = System/Library/Frameworks/CoreGraphics.framework; sourceTree = SDKROOT; };
		A419B07C1905553900E60374 /* UIKit.framework */ = {isa = PBXFileReference; lastKnownFileType = wrapper.framework; name = UIKit.framework; path = System/Library/Frameworks/UIKit.framework; sourceTree = SDKROOT; };
		A419B07E1905553900E60374 /* CoreData.framework */ = {isa = PBXFileReference; lastKnownFileType = wrapper.framework; name = CoreData.framework; path = System/Library/Frameworks/CoreData.framework; sourceTree = SDKROOT; };
		A419B0821905553900E60374 /* IQ-fight-Info.plist */ = {isa = PBXFileReference; lastKnownFileType = text.plist.xml; path = "IQ-fight-Info.plist"; sourceTree = "<group>"; };
		A419B0841905553900E60374 /* en */ = {isa = PBXFileReference; lastKnownFileType = text.plist.strings; name = en; path = en.lproj/InfoPlist.strings; sourceTree = "<group>"; };
		A419B0861905553900E60374 /* main.m */ = {isa = PBXFileReference; lastKnownFileType = sourcecode.c.objc; path = main.m; sourceTree = "<group>"; };
		A419B0881905553900E60374 /* IQ-fight-Prefix.pch */ = {isa = PBXFileReference; lastKnownFileType = sourcecode.c.h; path = "IQ-fight-Prefix.pch"; sourceTree = "<group>"; };
		A419B0891905553900E60374 /* IQAppDelegate.h */ = {isa = PBXFileReference; lastKnownFileType = sourcecode.c.h; path = IQAppDelegate.h; sourceTree = "<group>"; };
		A419B08A1905553900E60374 /* IQAppDelegate.m */ = {isa = PBXFileReference; lastKnownFileType = sourcecode.c.objc; path = IQAppDelegate.m; sourceTree = "<group>"; };
		A419B08D1905553900E60374 /* IQ_fight.xcdatamodel */ = {isa = PBXFileReference; lastKnownFileType = wrapper.xcdatamodel; path = IQ_fight.xcdatamodel; sourceTree = "<group>"; };
		A419B08F1905553900E60374 /* Images.xcassets */ = {isa = PBXFileReference; lastKnownFileType = folder.assetcatalog; path = Images.xcassets; sourceTree = "<group>"; };
		A419B0951905553900E60374 /* IQ-fightTests.xctest */ = {isa = PBXFileReference; explicitFileType = wrapper.cfbundle; includeInIndex = 0; path = "IQ-fightTests.xctest"; sourceTree = BUILT_PRODUCTS_DIR; };
		A419B0961905553900E60374 /* XCTest.framework */ = {isa = PBXFileReference; lastKnownFileType = wrapper.framework; name = XCTest.framework; path = Library/Frameworks/XCTest.framework; sourceTree = DEVELOPER_DIR; };
		A419B09F1905553900E60374 /* IQ-fightTests-Info.plist */ = {isa = PBXFileReference; lastKnownFileType = text.plist.xml; path = "IQ-fightTests-Info.plist"; sourceTree = "<group>"; };
		A419B0A11905553900E60374 /* en */ = {isa = PBXFileReference; lastKnownFileType = text.plist.strings; name = en; path = en.lproj/InfoPlist.strings; sourceTree = "<group>"; };
		A419B0A31905553900E60374 /* IQ_fightTests.m */ = {isa = PBXFileReference; lastKnownFileType = sourcecode.c.objc; path = IQ_fightTests.m; sourceTree = "<group>"; };
		A419B0AE1905586E00E60374 /* Storyboard.storyboard */ = {isa = PBXFileReference; fileEncoding = 4; lastKnownFileType = file.storyboard; path = Storyboard.storyboard; sourceTree = "<group>"; };
		A419B0B11905599200E60374 /* IQLoginViewController.h */ = {isa = PBXFileReference; fileEncoding = 4; lastKnownFileType = sourcecode.c.h; path = IQLoginViewController.h; sourceTree = "<group>"; };
		A419B0B21905599200E60374 /* IQLoginViewController.m */ = {isa = PBXFileReference; fileEncoding = 4; lastKnownFileType = sourcecode.c.objc; path = IQLoginViewController.m; sourceTree = "<group>"; };
		A419B0B4190559C400E60374 /* IQHomeViewController.h */ = {isa = PBXFileReference; fileEncoding = 4; lastKnownFileType = sourcecode.c.h; path = IQHomeViewController.h; sourceTree = "<group>"; };
		A419B0B5190559C400E60374 /* IQHomeViewController.m */ = {isa = PBXFileReference; fileEncoding = 4; lastKnownFileType = sourcecode.c.objc; path = IQHomeViewController.m; sourceTree = "<group>"; };
		A419B0B81905783900E60374 /* AFHTTPClient.h */ = {isa = PBXFileReference; fileEncoding = 4; lastKnownFileType = sourcecode.c.h; path = AFHTTPClient.h; sourceTree = "<group>"; };
		A419B0B91905783900E60374 /* AFHTTPClient.m */ = {isa = PBXFileReference; fileEncoding = 4; lastKnownFileType = sourcecode.c.objc; path = AFHTTPClient.m; sourceTree = "<group>"; };
		A419B0BA1905783900E60374 /* AFHTTPRequestOperation.h */ = {isa = PBXFileReference; fileEncoding = 4; lastKnownFileType = sourcecode.c.h; path = AFHTTPRequestOperation.h; sourceTree = "<group>"; };
		A419B0BB1905783900E60374 /* AFHTTPRequestOperation.m */ = {isa = PBXFileReference; fileEncoding = 4; lastKnownFileType = sourcecode.c.objc; path = AFHTTPRequestOperation.m; sourceTree = "<group>"; };
		A419B0BC1905783900E60374 /* AFImageRequestOperation.h */ = {isa = PBXFileReference; fileEncoding = 4; lastKnownFileType = sourcecode.c.h; path = AFImageRequestOperation.h; sourceTree = "<group>"; };
		A419B0BD1905783900E60374 /* AFImageRequestOperation.m */ = {isa = PBXFileReference; fileEncoding = 4; lastKnownFileType = sourcecode.c.objc; path = AFImageRequestOperation.m; sourceTree = "<group>"; };
		A419B0BE1905783900E60374 /* AFJSONRequestOperation.h */ = {isa = PBXFileReference; fileEncoding = 4; lastKnownFileType = sourcecode.c.h; path = AFJSONRequestOperation.h; sourceTree = "<group>"; };
		A419B0BF1905783900E60374 /* AFJSONRequestOperation.m */ = {isa = PBXFileReference; fileEncoding = 4; lastKnownFileType = sourcecode.c.objc; path = AFJSONRequestOperation.m; sourceTree = "<group>"; };
		A419B0C01905783900E60374 /* AFNetworkActivityIndicatorManager.h */ = {isa = PBXFileReference; fileEncoding = 4; lastKnownFileType = sourcecode.c.h; path = AFNetworkActivityIndicatorManager.h; sourceTree = "<group>"; };
		A419B0C11905783900E60374 /* AFNetworkActivityIndicatorManager.m */ = {isa = PBXFileReference; fileEncoding = 4; lastKnownFileType = sourcecode.c.objc; path = AFNetworkActivityIndicatorManager.m; sourceTree = "<group>"; };
		A419B0C21905783900E60374 /* AFNetworking.h */ = {isa = PBXFileReference; fileEncoding = 4; lastKnownFileType = sourcecode.c.h; path = AFNetworking.h; sourceTree = "<group>"; };
		A419B0C31905783900E60374 /* AFPropertyListRequestOperation.h */ = {isa = PBXFileReference; fileEncoding = 4; lastKnownFileType = sourcecode.c.h; path = AFPropertyListRequestOperation.h; sourceTree = "<group>"; };
		A419B0C41905783900E60374 /* AFPropertyListRequestOperation.m */ = {isa = PBXFileReference; fileEncoding = 4; lastKnownFileType = sourcecode.c.objc; path = AFPropertyListRequestOperation.m; sourceTree = "<group>"; };
		A419B0C51905783900E60374 /* AFURLConnectionOperation.h */ = {isa = PBXFileReference; fileEncoding = 4; lastKnownFileType = sourcecode.c.h; path = AFURLConnectionOperation.h; sourceTree = "<group>"; };
		A419B0C61905783900E60374 /* AFURLConnectionOperation.m */ = {isa = PBXFileReference; fileEncoding = 4; lastKnownFileType = sourcecode.c.objc; path = AFURLConnectionOperation.m; sourceTree = "<group>"; };
		A419B0C71905783900E60374 /* AFXMLRequestOperation.h */ = {isa = PBXFileReference; fileEncoding = 4; lastKnownFileType = sourcecode.c.h; path = AFXMLRequestOperation.h; sourceTree = "<group>"; };
		A419B0C81905783900E60374 /* AFXMLRequestOperation.m */ = {isa = PBXFileReference; fileEncoding = 4; lastKnownFileType = sourcecode.c.objc; path = AFXMLRequestOperation.m; sourceTree = "<group>"; };
		A419B0C91905783900E60374 /* UIImageView+AFNetworking.h */ = {isa = PBXFileReference; fileEncoding = 4; lastKnownFileType = sourcecode.c.h; path = "UIImageView+AFNetworking.h"; sourceTree = "<group>"; };
		A419B0CA1905783900E60374 /* UIImageView+AFNetworking.m */ = {isa = PBXFileReference; fileEncoding = 4; lastKnownFileType = sourcecode.c.objc; path = "UIImageView+AFNetworking.m"; sourceTree = "<group>"; };
		A419B0D61905793200E60374 /* IQServerCommunication.h */ = {isa = PBXFileReference; fileEncoding = 4; lastKnownFileType = sourcecode.c.h; path = IQServerCommunication.h; sourceTree = "<group>"; };
		A419B0D71905793200E60374 /* IQServerCommunication.m */ = {isa = PBXFileReference; fileEncoding = 4; lastKnownFileType = sourcecode.c.objc; path = IQServerCommunication.m; sourceTree = "<group>"; };
		A419B0D919057F5100E60374 /* IQGamesViewController.h */ = {isa = PBXFileReference; fileEncoding = 4; lastKnownFileType = sourcecode.c.h; path = IQGamesViewController.h; sourceTree = "<group>"; };
		A419B0DA19057F5100E60374 /* IQGamesViewController.m */ = {isa = PBXFileReference; fileEncoding = 4; lastKnownFileType = sourcecode.c.objc; path = IQGamesViewController.m; sourceTree = "<group>"; };
		A419B0E01905848900E60374 /* IQGameTableViewCell.h */ = {isa = PBXFileReference; fileEncoding = 4; lastKnownFileType = sourcecode.c.h; path = IQGameTableViewCell.h; sourceTree = "<group>"; };
		A419B0E11905848900E60374 /* IQGameTableViewCell.m */ = {isa = PBXFileReference; fileEncoding = 4; lastKnownFileType = sourcecode.c.objc; path = IQGameTableViewCell.m; sourceTree = "<group>"; };
		A419B0E3190585B100E60374 /* IQGameLobyViewController.h */ = {isa = PBXFileReference; fileEncoding = 4; lastKnownFileType = sourcecode.c.h; path = IQGameLobyViewController.h; sourceTree = "<group>"; };
		A419B0E4190585B100E60374 /* IQGameLobyViewController.m */ = {isa = PBXFileReference; fileEncoding = 4; lastKnownFileType = sourcecode.c.objc; path = IQGameLobyViewController.m; sourceTree = "<group>"; };
		A419B0E61905929B00E60374 /* IQGameViewController.h */ = {isa = PBXFileReference; fileEncoding = 4; lastKnownFileType = sourcecode.c.h; path = IQGameViewController.h; sourceTree = "<group>"; };
		A419B0E71905929B00E60374 /* IQGameViewController.m */ = {isa = PBXFileReference; fileEncoding = 4; lastKnownFileType = sourcecode.c.objc; path = IQGameViewController.m; sourceTree = "<group>"; };
		A46EE27D190C20C700671907 /* IQSettings.h */ = {isa = PBXFileReference; fileEncoding = 4; lastKnownFileType = sourcecode.c.h; path = IQSettings.h; sourceTree = "<group>"; };
		A46EE27E190C20C700671907 /* IQSettings.m */ = {isa = PBXFileReference; fileEncoding = 4; lastKnownFileType = sourcecode.c.objc; path = IQSettings.m; sourceTree = "<group>"; };
		A46EE280190C211700671907 /* MBProgressHUD.h */ = {isa = PBXFileReference; fileEncoding = 4; lastKnownFileType = sourcecode.c.h; path = MBProgressHUD.h; sourceTree = "<group>"; };
		A46EE281190C211700671907 /* MBProgressHUD.m */ = {isa = PBXFileReference; fileEncoding = 4; lastKnownFileType = sourcecode.c.objc; path = MBProgressHUD.m; sourceTree = "<group>"; };
		A46EE284190C221600671907 /* IQCurrentUser.h */ = {isa = PBXFileReference; fileEncoding = 4; lastKnownFileType = sourcecode.c.h; path = IQCurrentUser.h; sourceTree = "<group>"; };
		A46EE285190C221600671907 /* IQCurrentUser.m */ = {isa = PBXFileReference; fileEncoding = 4; lastKnownFileType = sourcecode.c.objc; path = IQCurrentUser.m; sourceTree = "<group>"; };
		A474BFD31917C9D200FDCE3C /* IQRegistrationViewController.h */ = {isa = PBXFileReference; fileEncoding = 4; lastKnownFileType = sourcecode.c.h; path = IQRegistrationViewController.h; sourceTree = "<group>"; };
		A474BFD41917C9D200FDCE3C /* IQRegistrationViewController.m */ = {isa = PBXFileReference; fileEncoding = 4; lastKnownFileType = sourcecode.c.objc; path = IQRegistrationViewController.m; sourceTree = "<group>"; };
		A474BFD61917D00800FDCE3C /* NSString+RegularExpressions.h */ = {isa = PBXFileReference; fileEncoding = 4; lastKnownFileType = sourcecode.c.h; path = "NSString+RegularExpressions.h"; sourceTree = "<group>"; };
		A474BFD71917D00800FDCE3C /* NSString+RegularExpressions.m */ = {isa = PBXFileReference; fileEncoding = 4; lastKnownFileType = sourcecode.c.objc; path = "NSString+RegularExpressions.m"; sourceTree = "<group>"; };
		A474BFD91918283E00FDCE3C /* IQResultViewController.h */ = {isa = PBXFileReference; fileEncoding = 4; lastKnownFileType = sourcecode.c.h; path = IQResultViewController.h; sourceTree = "<group>"; };
		A474BFDA1918283E00FDCE3C /* IQResultViewController.m */ = {isa = PBXFileReference; fileEncoding = 4; lastKnownFileType = sourcecode.c.objc; path = IQResultViewController.m; sourceTree = "<group>"; };
/* End PBXFileReference section */

/* Begin PBXFrameworksBuildPhase section */
		A419B0721905553900E60374 /* Frameworks */ = {
			isa = PBXFrameworksBuildPhase;
			buildActionMask = 2147483647;
			files = (
				A419B07B1905553900E60374 /* CoreGraphics.framework in Frameworks */,
				A419B07F1905553900E60374 /* CoreData.framework in Frameworks */,
				A419B07D1905553900E60374 /* UIKit.framework in Frameworks */,
				A419B0791905553900E60374 /* Foundation.framework in Frameworks */,
			);
			runOnlyForDeploymentPostprocessing = 0;
		};
		A419B0921905553900E60374 /* Frameworks */ = {
			isa = PBXFrameworksBuildPhase;
			buildActionMask = 2147483647;
			files = (
				A419B0971905553900E60374 /* XCTest.framework in Frameworks */,
				A419B09A1905553900E60374 /* CoreData.framework in Frameworks */,
				A419B0991905553900E60374 /* UIKit.framework in Frameworks */,
				A419B0981905553900E60374 /* Foundation.framework in Frameworks */,
			);
			runOnlyForDeploymentPostprocessing = 0;
		};
/* End PBXFrameworksBuildPhase section */

/* Begin PBXGroup section */
		A419B06C1905553900E60374 = {
			isa = PBXGroup;
			children = (
				A419B0801905553900E60374 /* IQ-fight */,
				A419B09D1905553900E60374 /* IQ-fightTests */,
				A419B0771905553900E60374 /* Frameworks */,
				A419B0761905553900E60374 /* Products */,
			);
			sourceTree = "<group>";
		};
		A419B0761905553900E60374 /* Products */ = {
			isa = PBXGroup;
			children = (
				A419B0751905553900E60374 /* IQ-fight.app */,
				A419B0951905553900E60374 /* IQ-fightTests.xctest */,
			);
			name = Products;
			sourceTree = "<group>";
		};
		A419B0771905553900E60374 /* Frameworks */ = {
			isa = PBXGroup;
			children = (
				A419B0781905553900E60374 /* Foundation.framework */,
				A419B07A1905553900E60374 /* CoreGraphics.framework */,
				A419B07C1905553900E60374 /* UIKit.framework */,
				A419B07E1905553900E60374 /* CoreData.framework */,
				A419B0961905553900E60374 /* XCTest.framework */,
			);
			name = Frameworks;
			sourceTree = "<group>";
		};
		A419B0801905553900E60374 /* IQ-fight */ = {
			isa = PBXGroup;
			children = (
				A419B0891905553900E60374 /* IQAppDelegate.h */,
				A419B08A1905553900E60374 /* IQAppDelegate.m */,
				A419B0D41905783E00E60374 /* Libraries */,
				A419B0D5190578BA00E60374 /* Services */,
				A46EE27C190C20A600671907 /* Utilities */,
				A419B0AD1905584200E60374 /* Storyboards */,
				A419B0B01905596300E60374 /* ViewControllers */,
				A419B0DC1905842E00E60374 /* CustomViews */,
				A419B08F1905553900E60374 /* Images.xcassets */,
				A419B08C1905553900E60374 /* IQ_fight.xcdatamodeld */,
				A419B0811905553900E60374 /* Supporting Files */,
			);
			path = "IQ-fight";
			sourceTree = "<group>";
		};
		A419B0811905553900E60374 /* Supporting Files */ = {
			isa = PBXGroup;
			children = (
				A419B0821905553900E60374 /* IQ-fight-Info.plist */,
				A419B0831905553900E60374 /* InfoPlist.strings */,
				A419B0861905553900E60374 /* main.m */,
				A419B0881905553900E60374 /* IQ-fight-Prefix.pch */,
			);
			name = "Supporting Files";
			sourceTree = "<group>";
		};
		A419B09D1905553900E60374 /* IQ-fightTests */ = {
			isa = PBXGroup;
			children = (
				A419B0A31905553900E60374 /* IQ_fightTests.m */,
				A419B09E1905553900E60374 /* Supporting Files */,
			);
			path = "IQ-fightTests";
			sourceTree = "<group>";
		};
		A419B09E1905553900E60374 /* Supporting Files */ = {
			isa = PBXGroup;
			children = (
				A419B09F1905553900E60374 /* IQ-fightTests-Info.plist */,
				A419B0A01905553900E60374 /* InfoPlist.strings */,
			);
			name = "Supporting Files";
			sourceTree = "<group>";
		};
		A419B0AD1905584200E60374 /* Storyboards */ = {
			isa = PBXGroup;
			children = (
				A419B0AE1905586E00E60374 /* Storyboard.storyboard */,
			);
			name = Storyboards;
			sourceTree = "<group>";
		};
		A419B0B01905596300E60374 /* ViewControllers */ = {
			isa = PBXGroup;
			children = (
				A419B0B11905599200E60374 /* IQLoginViewController.h */,
				A419B0B21905599200E60374 /* IQLoginViewController.m */,
				A474BFD31917C9D200FDCE3C /* IQRegistrationViewController.h */,
				A474BFD41917C9D200FDCE3C /* IQRegistrationViewController.m */,
				A419B0B4190559C400E60374 /* IQHomeViewController.h */,
				A419B0B5190559C400E60374 /* IQHomeViewController.m */,
				A419B0D919057F5100E60374 /* IQGamesViewController.h */,
				A419B0DA19057F5100E60374 /* IQGamesViewController.m */,
				A419B0E3190585B100E60374 /* IQGameLobyViewController.h */,
				A419B0E4190585B100E60374 /* IQGameLobyViewController.m */,
				A419B0E61905929B00E60374 /* IQGameViewController.h */,
				A419B0E71905929B00E60374 /* IQGameViewController.m */,
				A474BFD91918283E00FDCE3C /* IQResultViewController.h */,
				A474BFDA1918283E00FDCE3C /* IQResultViewController.m */,
			);
			name = ViewControllers;
			sourceTree = "<group>";
		};
		A419B0B71905783900E60374 /* AFNetworking */ = {
			isa = PBXGroup;
			children = (
				A419B0B81905783900E60374 /* AFHTTPClient.h */,
				A419B0B91905783900E60374 /* AFHTTPClient.m */,
				A419B0BA1905783900E60374 /* AFHTTPRequestOperation.h */,
				A419B0BB1905783900E60374 /* AFHTTPRequestOperation.m */,
				A419B0BC1905783900E60374 /* AFImageRequestOperation.h */,
				A419B0BD1905783900E60374 /* AFImageRequestOperation.m */,
				A419B0BE1905783900E60374 /* AFJSONRequestOperation.h */,
				A419B0BF1905783900E60374 /* AFJSONRequestOperation.m */,
				A419B0C01905783900E60374 /* AFNetworkActivityIndicatorManager.h */,
				A419B0C11905783900E60374 /* AFNetworkActivityIndicatorManager.m */,
				A419B0C21905783900E60374 /* AFNetworking.h */,
				A419B0C31905783900E60374 /* AFPropertyListRequestOperation.h */,
				A419B0C41905783900E60374 /* AFPropertyListRequestOperation.m */,
				A419B0C51905783900E60374 /* AFURLConnectionOperation.h */,
				A419B0C61905783900E60374 /* AFURLConnectionOperation.m */,
				A419B0C71905783900E60374 /* AFXMLRequestOperation.h */,
				A419B0C81905783900E60374 /* AFXMLRequestOperation.m */,
				A419B0C91905783900E60374 /* UIImageView+AFNetworking.h */,
				A419B0CA1905783900E60374 /* UIImageView+AFNetworking.m */,
			);
			path = AFNetworking;
			sourceTree = "<group>";
		};
		A419B0D41905783E00E60374 /* Libraries */ = {
			isa = PBXGroup;
			children = (
				A46EE283190C212300671907 /* MBProgressHUD */,
				A419B0B71905783900E60374 /* AFNetworking */,
			);
			name = Libraries;
			sourceTree = "<group>";
		};
		A419B0D5190578BA00E60374 /* Services */ = {
			isa = PBXGroup;
			children = (
				A419B0D61905793200E60374 /* IQServerCommunication.h */,
				A419B0D71905793200E60374 /* IQServerCommunication.m */,
			);
			name = Services;
			sourceTree = "<group>";
		};
		A419B0DC1905842E00E60374 /* CustomViews */ = {
			isa = PBXGroup;
			children = (
				A419B0E01905848900E60374 /* IQGameTableViewCell.h */,
				A419B0E11905848900E60374 /* IQGameTableViewCell.m */,
			);
			name = CustomViews;
			sourceTree = "<group>";
		};
		A46EE27C190C20A600671907 /* Utilities */ = {
			isa = PBXGroup;
			children = (
				A46EE27D190C20C700671907 /* IQSettings.h */,
				A46EE27E190C20C700671907 /* IQSettings.m */,
				A46EE284190C221600671907 /* IQCurrentUser.h */,
				A46EE285190C221600671907 /* IQCurrentUser.m */,
				A474BFD61917D00800FDCE3C /* NSString+RegularExpressions.h */,
				A474BFD71917D00800FDCE3C /* NSString+RegularExpressions.m */,
			);
			name = Utilities;
			sourceTree = "<group>";
		};
		A46EE283190C212300671907 /* MBProgressHUD */ = {
			isa = PBXGroup;
			children = (
				A46EE280190C211700671907 /* MBProgressHUD.h */,
				A46EE281190C211700671907 /* MBProgressHUD.m */,
			);
			name = MBProgressHUD;
			path = AFNetworking;
			sourceTree = "<group>";
		};
/* End PBXGroup section */

/* Begin PBXNativeTarget section */
		A419B0741905553900E60374 /* IQ-fight */ = {
			isa = PBXNativeTarget;
			buildConfigurationList = A419B0A71905553900E60374 /* Build configuration list for PBXNativeTarget "IQ-fight" */;
			buildPhases = (
				A419B0711905553900E60374 /* Sources */,
				A419B0721905553900E60374 /* Frameworks */,
				A419B0731905553900E60374 /* Resources */,
			);
			buildRules = (
			);
			dependencies = (
			);
			name = "IQ-fight";
			productName = "IQ-fight";
			productReference = A419B0751905553900E60374 /* IQ-fight.app */;
			productType = "com.apple.product-type.application";
		};
		A419B0941905553900E60374 /* IQ-fightTests */ = {
			isa = PBXNativeTarget;
			buildConfigurationList = A419B0AA1905553900E60374 /* Build configuration list for PBXNativeTarget "IQ-fightTests" */;
			buildPhases = (
				A419B0911905553900E60374 /* Sources */,
				A419B0921905553900E60374 /* Frameworks */,
				A419B0931905553900E60374 /* Resources */,
			);
			buildRules = (
			);
			dependencies = (
				A419B09C1905553900E60374 /* PBXTargetDependency */,
			);
			name = "IQ-fightTests";
			productName = "IQ-fightTests";
			productReference = A419B0951905553900E60374 /* IQ-fightTests.xctest */;
			productType = "com.apple.product-type.bundle.unit-test";
		};
/* End PBXNativeTarget section */

/* Begin PBXProject section */
		A419B06D1905553900E60374 /* Project object */ = {
			isa = PBXProject;
			attributes = {
				CLASSPREFIX = IQ;
				LastUpgradeCheck = 0510;
				ORGANIZATIONNAME = "Petar Antonov";
				TargetAttributes = {
					A419B0941905553900E60374 = {
						TestTargetID = A419B0741905553900E60374;
					};
				};
			};
			buildConfigurationList = A419B0701905553900E60374 /* Build configuration list for PBXProject "IQ-fight" */;
			compatibilityVersion = "Xcode 3.2";
			developmentRegion = English;
			hasScannedForEncodings = 0;
			knownRegions = (
				en,
			);
			mainGroup = A419B06C1905553900E60374;
			productRefGroup = A419B0761905553900E60374 /* Products */;
			projectDirPath = "";
			projectRoot = "";
			targets = (
				A419B0741905553900E60374 /* IQ-fight */,
				A419B0941905553900E60374 /* IQ-fightTests */,
			);
		};
/* End PBXProject section */

/* Begin PBXResourcesBuildPhase section */
		A419B0731905553900E60374 /* Resources */ = {
			isa = PBXResourcesBuildPhase;
			buildActionMask = 2147483647;
			files = (
				A419B0851905553900E60374 /* InfoPlist.strings in Resources */,
				A419B0901905553900E60374 /* Images.xcassets in Resources */,
				A419B0AF1905586E00E60374 /* Storyboard.storyboard in Resources */,
			);
			runOnlyForDeploymentPostprocessing = 0;
		};
		A419B0931905553900E60374 /* Resources */ = {
			isa = PBXResourcesBuildPhase;
			buildActionMask = 2147483647;
			files = (
				A419B0A21905553900E60374 /* InfoPlist.strings in Resources */,
			);
			runOnlyForDeploymentPostprocessing = 0;
		};
/* End PBXResourcesBuildPhase section */

/* Begin PBXSourcesBuildPhase section */
		A419B0711905553900E60374 /* Sources */ = {
			isa = PBXSourcesBuildPhase;
			buildActionMask = 2147483647;
			files = (
				A474BFD81917D00800FDCE3C /* NSString+RegularExpressions.m in Sources */,
				A419B0CD1905783900E60374 /* AFImageRequestOperation.m in Sources */,
				A419B0B31905599200E60374 /* IQLoginViewController.m in Sources */,
				A46EE286190C221600671907 /* IQCurrentUser.m in Sources */,
				A419B0B6190559C400E60374 /* IQHomeViewController.m in Sources */,
				A419B0E81905929B00E60374 /* IQGameViewController.m in Sources */,
				A419B0D81905793200E60374 /* IQServerCommunication.m in Sources */,
				A474BFD51917C9D200FDCE3C /* IQRegistrationViewController.m in Sources */,
				A419B0D21905783900E60374 /* AFXMLRequestOperation.m in Sources */,
				A419B08B1905553900E60374 /* IQAppDelegate.m in Sources */,
				A419B0D31905783900E60374 /* UIImageView+AFNetworking.m in Sources */,
				A419B0D11905783900E60374 /* AFURLConnectionOperation.m in Sources */,
				A419B0E5190585B100E60374 /* IQGameLobyViewController.m in Sources */,
				A419B0DB19057F5100E60374 /* IQGamesViewController.m in Sources */,
				A419B0CF1905783900E60374 /* AFNetworkActivityIndicatorManager.m in Sources */,
				A419B08E1905553900E60374 /* IQ_fight.xcdatamodeld in Sources */,
				A46EE282190C211700671907 /* MBProgressHUD.m in Sources */,
				A419B0E21905848900E60374 /* IQGameTableViewCell.m in Sources */,
				A46EE27F190C20C700671907 /* IQSettings.m in Sources */,
				A419B0CE1905783900E60374 /* AFJSONRequestOperation.m in Sources */,
				A419B0871905553900E60374 /* main.m in Sources */,
				A474BFDB1918283E00FDCE3C /* IQResultViewController.m in Sources */,
				A419B0D01905783900E60374 /* AFPropertyListRequestOperation.m in Sources */,
				A419B0CB1905783900E60374 /* AFHTTPClient.m in Sources */,
				A419B0CC1905783900E60374 /* AFHTTPRequestOperation.m in Sources */,
			);
			runOnlyForDeploymentPostprocessing = 0;
		};
		A419B0911905553900E60374 /* Sources */ = {
			isa = PBXSourcesBuildPhase;
			buildActionMask = 2147483647;
			files = (
				A419B0A41905553900E60374 /* IQ_fightTests.m in Sources */,
			);
			runOnlyForDeploymentPostprocessing = 0;
		};
/* End PBXSourcesBuildPhase section */

/* Begin PBXTargetDependency section */
		A419B09C1905553900E60374 /* PBXTargetDependency */ = {
			isa = PBXTargetDependency;
			target = A419B0741905553900E60374 /* IQ-fight */;
			targetProxy = A419B09B1905553900E60374 /* PBXContainerItemProxy */;
		};
/* End PBXTargetDependency section */

/* Begin PBXVariantGroup section */
		A419B0831905553900E60374 /* InfoPlist.strings */ = {
			isa = PBXVariantGroup;
			children = (
				A419B0841905553900E60374 /* en */,
			);
			name = InfoPlist.strings;
			sourceTree = "<group>";
		};
		A419B0A01905553900E60374 /* InfoPlist.strings */ = {
			isa = PBXVariantGroup;
			children = (
				A419B0A11905553900E60374 /* en */,
			);
			name = InfoPlist.strings;
			sourceTree = "<group>";
		};
/* End PBXVariantGroup section */

/* Begin XCBuildConfiguration section */
		A419B0A51905553900E60374 /* Debug */ = {
			isa = XCBuildConfiguration;
			buildSettings = {
				ALWAYS_SEARCH_USER_PATHS = NO;
				CLANG_CXX_LANGUAGE_STANDARD = "gnu++0x";
				CLANG_CXX_LIBRARY = "libc++";
				CLANG_ENABLE_MODULES = YES;
				CLANG_ENABLE_OBJC_ARC = YES;
				CLANG_WARN_BOOL_CONVERSION = YES;
				CLANG_WARN_CONSTANT_CONVERSION = YES;
				CLANG_WARN_DIRECT_OBJC_ISA_USAGE = YES_ERROR;
				CLANG_WARN_EMPTY_BODY = YES;
				CLANG_WARN_ENUM_CONVERSION = YES;
				CLANG_WARN_INT_CONVERSION = YES;
				CLANG_WARN_OBJC_ROOT_CLASS = YES_ERROR;
				CLANG_WARN__DUPLICATE_METHOD_MATCH = YES;
				"CODE_SIGN_IDENTITY[sdk=iphoneos*]" = "iPhone Developer";
				COPY_PHASE_STRIP = NO;
				GCC_C_LANGUAGE_STANDARD = gnu99;
				GCC_DYNAMIC_NO_PIC = NO;
				GCC_OPTIMIZATION_LEVEL = 0;
				GCC_PREPROCESSOR_DEFINITIONS = (
					"DEBUG=1",
					"$(inherited)",
				);
				GCC_SYMBOLS_PRIVATE_EXTERN = NO;
				GCC_WARN_64_TO_32_BIT_CONVERSION = YES;
				GCC_WARN_ABOUT_RETURN_TYPE = YES_ERROR;
				GCC_WARN_UNDECLARED_SELECTOR = YES;
				GCC_WARN_UNINITIALIZED_AUTOS = YES_AGGRESSIVE;
				GCC_WARN_UNUSED_FUNCTION = YES;
				GCC_WARN_UNUSED_VARIABLE = YES;
				IPHONEOS_DEPLOYMENT_TARGET = 7.1;
				ONLY_ACTIVE_ARCH = YES;
				SDKROOT = iphoneos;
			};
			name = Debug;
		};
		A419B0A61905553900E60374 /* Release */ = {
			isa = XCBuildConfiguration;
			buildSettings = {
				ALWAYS_SEARCH_USER_PATHS = NO;
				CLANG_CXX_LANGUAGE_STANDARD = "gnu++0x";
				CLANG_CXX_LIBRARY = "libc++";
				CLANG_ENABLE_MODULES = YES;
				CLANG_ENABLE_OBJC_ARC = YES;
				CLANG_WARN_BOOL_CONVERSION = YES;
				CLANG_WARN_CONSTANT_CONVERSION = YES;
				CLANG_WARN_DIRECT_OBJC_ISA_USAGE = YES_ERROR;
				CLANG_WARN_EMPTY_BODY = YES;
				CLANG_WARN_ENUM_CONVERSION = YES;
				CLANG_WARN_INT_CONVERSION = YES;
				CLANG_WARN_OBJC_ROOT_CLASS = YES_ERROR;
				CLANG_WARN__DUPLICATE_METHOD_MATCH = YES;
				"CODE_SIGN_IDENTITY[sdk=iphoneos*]" = "iPhone Developer";
				COPY_PHASE_STRIP = YES;
				ENABLE_NS_ASSERTIONS = NO;
				GCC_C_LANGUAGE_STANDARD = gnu99;
				GCC_WARN_64_TO_32_BIT_CONVERSION = YES;
				GCC_WARN_ABOUT_RETURN_TYPE = YES_ERROR;
				GCC_WARN_UNDECLARED_SELECTOR = YES;
				GCC_WARN_UNINITIALIZED_AUTOS = YES_AGGRESSIVE;
				GCC_WARN_UNUSED_FUNCTION = YES;
				GCC_WARN_UNUSED_VARIABLE = YES;
				IPHONEOS_DEPLOYMENT_TARGET = 7.1;
				SDKROOT = iphoneos;
				VALIDATE_PRODUCT = YES;
			};
			name = Release;
		};
		A419B0A81905553900E60374 /* Debug */ = {
			isa = XCBuildConfiguration;
			buildSettings = {
				ASSETCATALOG_COMPILER_APPICON_NAME = AppIcon;
				ASSETCATALOG_COMPILER_LAUNCHIMAGE_NAME = LaunchImage;
				GCC_PRECOMPILE_PREFIX_HEADER = YES;
				GCC_PREFIX_HEADER = "IQ-fight/IQ-fight-Prefix.pch";
				INFOPLIST_FILE = "IQ-fight/IQ-fight-Info.plist";
				PRODUCT_NAME = "$(TARGET_NAME)";
				WRAPPER_EXTENSION = app;
			};
			name = Debug;
		};
		A419B0A91905553900E60374 /* Release */ = {
			isa = XCBuildConfiguration;
			buildSettings = {
				ASSETCATALOG_COMPILER_APPICON_NAME = AppIcon;
				ASSETCATALOG_COMPILER_LAUNCHIMAGE_NAME = LaunchImage;
				GCC_PRECOMPILE_PREFIX_HEADER = YES;
				GCC_PREFIX_HEADER = "IQ-fight/IQ-fight-Prefix.pch";
				INFOPLIST_FILE = "IQ-fight/IQ-fight-Info.plist";
				PRODUCT_NAME = "$(TARGET_NAME)";
				WRAPPER_EXTENSION = app;
			};
			name = Release;
		};
		A419B0AB1905553900E60374 /* Debug */ = {
			isa = XCBuildConfiguration;
			buildSettings = {
				BUNDLE_LOADER = "$(BUILT_PRODUCTS_DIR)/IQ-fight.app/IQ-fight";
				FRAMEWORK_SEARCH_PATHS = (
					"$(SDKROOT)/Developer/Library/Frameworks",
					"$(inherited)",
					"$(DEVELOPER_FRAMEWORKS_DIR)",
				);
				GCC_PRECOMPILE_PREFIX_HEADER = YES;
				GCC_PREFIX_HEADER = "IQ-fight/IQ-fight-Prefix.pch";
				GCC_PREPROCESSOR_DEFINITIONS = (
					"DEBUG=1",
					"$(inherited)",
				);
				INFOPLIST_FILE = "IQ-fightTests/IQ-fightTests-Info.plist";
				PRODUCT_NAME = "$(TARGET_NAME)";
				TEST_HOST = "$(BUNDLE_LOADER)";
				WRAPPER_EXTENSION = xctest;
			};
			name = Debug;
		};
		A419B0AC1905553900E60374 /* Release */ = {
			isa = XCBuildConfiguration;
			buildSettings = {
				BUNDLE_LOADER = "$(BUILT_PRODUCTS_DIR)/IQ-fight.app/IQ-fight";
				FRAMEWORK_SEARCH_PATHS = (
					"$(SDKROOT)/Developer/Library/Frameworks",
					"$(inherited)",
					"$(DEVELOPER_FRAMEWORKS_DIR)",
				);
				GCC_PRECOMPILE_PREFIX_HEADER = YES;
				GCC_PREFIX_HEADER = "IQ-fight/IQ-fight-Prefix.pch";
				INFOPLIST_FILE = "IQ-fightTests/IQ-fightTests-Info.plist";
				PRODUCT_NAME = "$(TARGET_NAME)";
				TEST_HOST = "$(BUNDLE_LOADER)";
				WRAPPER_EXTENSION = xctest;
			};
			name = Release;
		};
/* End XCBuildConfiguration section */

/* Begin XCConfigurationList section */
		A419B0701905553900E60374 /* Build configuration list for PBXProject "IQ-fight" */ = {
			isa = XCConfigurationList;
			buildConfigurations = (
				A419B0A51905553900E60374 /* Debug */,
				A419B0A61905553900E60374 /* Release */,
			);
			defaultConfigurationIsVisible = 0;
			defaultConfigurationName = Release;
		};
		A419B0A71905553900E60374 /* Build configuration list for PBXNativeTarget "IQ-fight" */ = {
			isa = XCConfigurationList;
			buildConfigurations = (
				A419B0A81905553900E60374 /* Debug */,
				A419B0A91905553900E60374 /* Release */,
			);
			defaultConfigurationIsVisible = 0;
			defaultConfigurationName = Release;
		};
		A419B0AA1905553900E60374 /* Build configuration list for PBXNativeTarget "IQ-fightTests" */ = {
			isa = XCConfigurationList;
			buildConfigurations = (
				A419B0AB1905553900E60374 /* Debug */,
				A419B0AC1905553900E60374 /* Release */,
			);
			defaultConfigurationIsVisible = 0;
			defaultConfigurationName = Release;
		};
/* End XCConfigurationList section */

/* Begin XCVersionGroup section */
		A419B08C1905553900E60374 /* IQ_fight.xcdatamodeld */ = {
			isa = XCVersionGroup;
			children = (
				A419B08D1905553900E60374 /* IQ_fight.xcdatamodel */,
			);
			currentVersion = A419B08D1905553900E60374 /* IQ_fight.xcdatamodel */;
			path = IQ_fight.xcdatamodeld;
			sourceTree = "<group>";
			versionGroupType = wrapper.xcdatamodel;
		};
/* End XCVersionGroup section */
	};
	rootObject = A419B06D1905553900E60374 /* Project object */;
}
